
Microsoft Visual Studio Solution File, Format Version 12.00
# Visual Studio 15
VisualStudioVersion = 15.0.27130.2027
MinimumVisualStudioVersion = 10.0.40219.1
Project("{FAE04EC0-301F-11D3-BF4B-00C04F79EFBC}") = "DatabaseApplicationModelFirstApproch", "DatabaseApplicationModelFirstApproch.csproj", "{45D2A2AC-3452-4022-BB1F-F97EE5F65641}"
EndProject
Global
	GlobalSection(SolutionConfigurationPlatforms) = preSolution
		Debug|Any CPU = Debug|Any CPU
		Release|Any CPU = Release|Any CPU
	EndGlobalSection
	GlobalSection(ProjectConfigurationPlatforms) = postSolution
		{45D2A2AC-3452-4022-BB1F-F97EE5F65641}.Debug|Any CPU.ActiveCfg = Debug|Any CPU
		{45D2A2AC-3452-4022-BB1F-F97EE5F65641}.Debug|Any CPU.Build.0 = Debug|Any CPU
		{45D2A2AC-3452-4022-BB1F-F97EE5F65641}.Release|Any CPU.ActiveCfg = Release|Any CPU
		{45D2A2AC-3452-4022-BB1F-F97EE5F65641}.Release|Any CPU.Build.0 = Release|Any CPU
	EndGlobalSection
	GlobalSection(SolutionProperties) = preSolution
		HideSolutionNode = FALSE
	EndGlobalSection
	GlobalSection(ExtensibilityGlobals) = postSolution
		SolutionGuid = {A7E7C6F5-461E-41B2-937C-082E3C567E97}
	EndGlobalSection
EndGlobal
