
Microsoft Visual Studio Solution File, Format Version 12.00
# Visual Studio 15
VisualStudioVersion = 15.0.27703.2042
MinimumVisualStudioVersion = 10.0.40219.1
Project("{FAE04EC0-301F-11D3-BF4B-00C04F79EFBC}") = "Webform_2", "Webform_2\Webform_2.csproj", "{7ABE9E50-2ABD-4074-8C86-C41FDF726F0D}"
EndProject
Project("{FAE04EC0-301F-11D3-BF4B-00C04F79EFBC}") = "DatabaseClassLib", "DatabaseClassLib\DatabaseClassLib.csproj", "{B6A48567-545E-40E7-BE69-E1E2EC8C4801}"
EndProject
Global
	GlobalSection(SolutionConfigurationPlatforms) = preSolution
		Debug|Any CPU = Debug|Any CPU
		Release|Any CPU = Release|Any CPU
	EndGlobalSection
	GlobalSection(ProjectConfigurationPlatforms) = postSolution
		{7ABE9E50-2ABD-4074-8C86-C41FDF726F0D}.Debug|Any CPU.ActiveCfg = Debug|Any CPU
		{7ABE9E50-2ABD-4074-8C86-C41FDF726F0D}.Debug|Any CPU.Build.0 = Debug|Any CPU
		{7ABE9E50-2ABD-4074-8C86-C41FDF726F0D}.Release|Any CPU.ActiveCfg = Release|Any CPU
		{7ABE9E50-2ABD-4074-8C86-C41FDF726F0D}.Release|Any CPU.Build.0 = Release|Any CPU
		{B6A48567-545E-40E7-BE69-E1E2EC8C4801}.Debug|Any CPU.ActiveCfg = Debug|Any CPU
		{B6A48567-545E-40E7-BE69-E1E2EC8C4801}.Debug|Any CPU.Build.0 = Debug|Any CPU
		{B6A48567-545E-40E7-BE69-E1E2EC8C4801}.Release|Any CPU.ActiveCfg = Release|Any CPU
		{B6A48567-545E-40E7-BE69-E1E2EC8C4801}.Release|Any CPU.Build.0 = Release|Any CPU
	EndGlobalSection
	GlobalSection(SolutionProperties) = preSolution
		HideSolutionNode = FALSE
	EndGlobalSection
	GlobalSection(ExtensibilityGlobals) = postSolution
		SolutionGuid = {CA8AD419-D256-4E1B-ABEE-62615BEC466B}
	EndGlobalSection
EndGlobal
