
Microsoft Visual Studio Solution File, Format Version 12.00
# Visual Studio 15
VisualStudioVersion = 15.0.27703.2042
MinimumVisualStudioVersion = 10.0.40219.1
Project("{FAE04EC0-301F-11D3-BF4B-00C04F79EFBC}") = "Webform_Application1", "Webform_Application1\Webform_Application1.csproj", "{61535F26-3726-4FD2-A6AB-C4BD9E201272}"
EndProject
Global
	GlobalSection(SolutionConfigurationPlatforms) = preSolution
		Debug|Any CPU = Debug|Any CPU
		Release|Any CPU = Release|Any CPU
	EndGlobalSection
	GlobalSection(ProjectConfigurationPlatforms) = postSolution
		{61535F26-3726-4FD2-A6AB-C4BD9E201272}.Debug|Any CPU.ActiveCfg = Debug|Any CPU
		{61535F26-3726-4FD2-A6AB-C4BD9E201272}.Debug|Any CPU.Build.0 = Debug|Any CPU
		{61535F26-3726-4FD2-A6AB-C4BD9E201272}.Release|Any CPU.ActiveCfg = Release|Any CPU
		{61535F26-3726-4FD2-A6AB-C4BD9E201272}.Release|Any CPU.Build.0 = Release|Any CPU
	EndGlobalSection
	GlobalSection(SolutionProperties) = preSolution
		HideSolutionNode = FALSE
	EndGlobalSection
	GlobalSection(ExtensibilityGlobals) = postSolution
		SolutionGuid = {DEBA4488-EB41-42FF-9F00-E4FC87F0E68E}
	EndGlobalSection
EndGlobal
